
Microsoft Visual Studio Solution File, Format Version 12.00
# Visual Studio Version 17
VisualStudioVersion = 17.0.32014.148
MinimumVisualStudioVersion = 10.0.40219.1
Project("{888888A0-9F3D-457C-B088-3A5042F75D52}") = "Vigenere_Cipher_in_python", "Vigenere_Cipher_in_python.pyproj", "{B1951603-75D7-41FC-AED7-9E3FC8BDEBF0}"
EndProject
Global
	GlobalSection(SolutionConfigurationPlatforms) = preSolution
		Debug|Any CPU = Debug|Any CPU
		Release|Any CPU = Release|Any CPU
	EndGlobalSection
	GlobalSection(ProjectConfigurationPlatforms) = postSolution
		{B1951603-75D7-41FC-AED7-9E3FC8BDEBF0}.Debug|Any CPU.ActiveCfg = Debug|Any CPU
		{B1951603-75D7-41FC-AED7-9E3FC8BDEBF0}.Release|Any CPU.ActiveCfg = Release|Any CPU
	EndGlobalSection
	GlobalSection(SolutionProperties) = preSolution
		HideSolutionNode = FALSE
	EndGlobalSection
	GlobalSection(ExtensibilityGlobals) = postSolution
		SolutionGuid = {2A8D39CE-01D1-4148-A994-402B1B1F2A49}
	EndGlobalSection
EndGlobal
